
Microsoft Visual Studio Solution File, Format Version 12.00
# Visual Studio Version 17
VisualStudioVersion = 17.8.34322.80
MinimumVisualStudioVersion = 10.0.40219.1
Project("{FAE04EC0-301F-11D3-BF4B-00C04F79EFBC}") = "SportShop", "SportShop\SportShop.csproj", "{95D69355-36E6-46A0-9032-E71A3B410D11}"
EndProject
Global
	GlobalSection(SolutionConfigurationPlatforms) = preSolution
		Debug|Any CPU = Debug|Any CPU
		Release|Any CPU = Release|Any CPU
	EndGlobalSection
	GlobalSection(ProjectConfigurationPlatforms) = postSolution
		{95D69355-36E6-46A0-9032-E71A3B410D11}.Debug|Any CPU.ActiveCfg = Debug|Any CPU
		{95D69355-36E6-46A0-9032-E71A3B410D11}.Debug|Any CPU.Build.0 = Debug|Any CPU
		{95D69355-36E6-46A0-9032-E71A3B410D11}.Release|Any CPU.ActiveCfg = Release|Any CPU
		{95D69355-36E6-46A0-9032-E71A3B410D11}.Release|Any CPU.Build.0 = Release|Any CPU
	EndGlobalSection
	GlobalSection(SolutionProperties) = preSolution
		HideSolutionNode = FALSE
	EndGlobalSection
	GlobalSection(ExtensibilityGlobals) = postSolution
		SolutionGuid = {05F8BC7F-434C-4FE2-88F7-40D059A90EC4}
	EndGlobalSection
EndGlobal
